PODS:
  - EVOClassificationKit (6.0.5):
    - EVOClassificationKit/Source (= 6.0.5)
    - EVOFoundation (~> 6.1.2)
    - RxSwift (~> 5.0.0)
  - EVOClassificationKit/Binary (6.0.5):
    - EVOFoundation (~> 6.1.2)
    - RxSwift (~> 5.0.0)
  - EVOClassificationKit/Source (6.0.5):
    - EVOFoundation (~> 6.1.2)
    - RxSwift (~> 5.0.0)
  - EVOControlLayer/Binary (6.1.5):
    - EVOClassificationKit (~> 6.0.5)
    - EVOFoundation (~> 6.1.2)
    - EVORecording/Source (~> 6.1.18)
  - EVOFoundation (6.1.2):
    - EVOFoundation/Source (= 6.1.2)
    - PromiseKit/CorePromise (~> 6.0)
    - PromiseKit/WatchConnectivity (~> 6.0)
    - RelayKit (~> 0.2.1)
  - EVOFoundation/Binary (6.1.2):
    - PromiseKit/CorePromise (~> 6.0)
    - PromiseKit/WatchConnectivity (~> 6.0)
    - RelayKit (~> 0.2.1)
  - EVOFoundation/Source (6.1.2):
    - PromiseKit/CorePromise (~> 6.0)
    - PromiseKit/WatchConnectivity (~> 6.0)
    - RelayKit (~> 0.2.1)
  - EVORecording/BinaryMovesense (6.1.22):
    - EVOFoundation (~> 6.1)
    - Movesense
    - PromiseKit (~> 6.0)
    - SwiftyJSON (~> 5.0.0)
  - EVORecording/Source (6.1.22):
    - EVOFoundation (~> 6.1)
    - PromiseKit (~> 6.0)
  - Movesense (1.34.3)
  - PromiseKit (6.11.0):
    - PromiseKit/CorePromise (= 6.11.0)
    - PromiseKit/Foundation (= 6.11.0)
    - PromiseKit/UIKit (= 6.11.0)
  - PromiseKit/CorePromise (6.11.0)
  - PromiseKit/Foundation (6.11.0):
    - PromiseKit/CorePromise
  - PromiseKit/UIKit (6.11.0):
    - PromiseKit/CorePromise
  - PromiseKit/WatchConnectivity (6.11.0):
    - PromiseKit/CorePromise
  - RelayKit (0.2.2)
  - RxSwift (5.0.0)
  - SwiftSpinner (2.0.0)
  - SwiftyJSON (5.0.0)

DEPENDENCIES:
  - "EVOClassificationKit/Binary (from `git@bitbucket.org:evomo/evoclassificationkitbinary.git`, tag `6.0.5`)"
  - "EVOControlLayer/Binary (from `git@bitbucket.org:evomo/evocontrollayerbinary.git`, tag `6.1.5`)"
  - "EVOFoundation/Binary (from `git@bitbucket.org:evomo/evofoundationbinary.git`, tag `6.1.2`)"
  - "EVORecording/BinaryMovesense (from `git@bitbucket.org:evomo/evorecordingbinary.git`, tag `6.1.22`)"
  - SwiftSpinner

SPEC REPOS:
  "git@bitbucket.org:evomo/evomopods.git":
    - Movesense
  https://github.com/cocoapods/specs.git:
    - PromiseKit
    - RelayKit
    - RxSwift
    - SwiftSpinner
    - SwiftyJSON

EXTERNAL SOURCES:
  EVOClassificationKit:
    :git: "git@bitbucket.org:evomo/evoclassificationkitbinary.git"
    :tag: 6.0.5
  EVOControlLayer:
    :git: "git@bitbucket.org:evomo/evocontrollayerbinary.git"
    :tag: 6.1.5
  EVOFoundation:
    :git: "git@bitbucket.org:evomo/evofoundationbinary.git"
    :tag: 6.1.2
  EVORecording:
    :git: "git@bitbucket.org:evomo/evorecordingbinary.git"
    :tag: 6.1.22

CHECKOUT OPTIONS:
  EVOClassificationKit:
    :git: "git@bitbucket.org:evomo/evoclassificationkitbinary.git"
    :tag: 6.0.5
  EVOControlLayer:
    :git: "git@bitbucket.org:evomo/evocontrollayerbinary.git"
    :tag: 6.1.5
  EVOFoundation:
    :git: "git@bitbucket.org:evomo/evofoundationbinary.git"
    :tag: 6.1.2
  EVORecording:
    :git: "git@bitbucket.org:evomo/evorecordingbinary.git"
    :tag: 6.1.22

SPEC CHECKSUMS:
  EVOClassificationKit: 3fa48fcbb7d9335bce44b194c9cf4e5da4ad443b
  EVOControlLayer: b474c592d8c707236041624fb5dd739d8ed5f022
  EVOFoundation: 05013c0f844b4a717af826a700b0a4a3425317d1
  EVORecording: b4deaaba8ae5404536a915df044ddb05789346d2
  Movesense: e04e0f56d6a11bbef152c3b784998385e22c143f
  PromiseKit: e4863d06976e7dee5e41c04fc7371c16b3600292
  RelayKit: 7ad4a67643b8337eb06ad3565a769d3bc4d0fa2a
  RxSwift: 8b0671caa829a763bbce7271095859121cbd895f
  SwiftSpinner: 77d972ab315bdc29b62bbedd128b88986969967e
  SwiftyJSON: 36413e04c44ee145039d332b4f4e2d3e8d6c4db7

PODFILE CHECKSUM: e1d41eba084a45c69b4539e03a5bbc9f19d232ad

COCOAPODS: 1.7.5
