PODS:
  - Alamofire (4.9.1)
  - EVOClassificationKit (6.3.1):
    - EVOClassificationKit/Source (= 6.3.1)
    - RxSwift (~> 5.0.0)
    - themis (~> 0.12.2)
  - EVOClassificationKit/Source (6.3.1):
    - EVOFoundation/Source
    - RxSwift (~> 5.0.0)
    - themis (~> 0.12.2)
  - EVOControlLayer/Source (6.3.13):
    - EVOClassificationKit
    - EVOFoundation/Source
    - EVORecording/Source
  - EVOFoundation/Source (7.0.4):
    - Alamofire (~> 4.0)
    - PromiseKit/CorePromise (~> 6.0)
    - PromiseKit/WatchConnectivity (~> 6.0)
    - SwiftyJSON (~> 5.0.0)
  - EVORecording/Movesense (6.2.5):
    - EVOFoundation/Source
    - EVORecording/Source
    - Movesense
  - EVORecording/Source (6.2.5):
    - EVOFoundation/Source
  - GRKOpenSSLFramework (1.0.2.18)
  - Movesense (1.34.4)
  - PromiseKit/CorePromise (6.12.0)
  - PromiseKit/WatchConnectivity (6.12.0):
    - PromiseKit/CorePromise
  - RxSwift (5.0.1)
  - SwiftSpinner (2.1.0)
  - SwiftyJSON (5.0.0)
  - themis (0.12.2):
    - themis/themis-openssl (= 0.12.2)
  - themis/themis-openssl (0.12.2):
    - GRKOpenSSLFramework (= 1.0.2.18)
    - themis/themis-openssl/core (= 0.12.2)
    - themis/themis-openssl/objcwrapper (= 0.12.2)
  - themis/themis-openssl/core (0.12.2):
    - GRKOpenSSLFramework (= 1.0.2.18)
  - themis/themis-openssl/objcwrapper (0.12.2):
    - GRKOpenSSLFramework (= 1.0.2.18)
    - themis/themis-openssl/core

DEPENDENCIES:
  - EVOClassificationKit (from `~/evomo/swift/frameworks/evoclassificationframework/`)
  - EVOControlLayer/Source (from `~/evomo/swift/frameworks/EVOControlLayer/`)
  - EVOFoundation/Source (from `~/evomo/swift/frameworks/emfoundation/`)
  - EVORecording/Movesense (from `~/evomo/swift/frameworks/evorecording/`)
  - SwiftSpinner

SPEC REPOS:
  "git@bitbucket.org:evomo/evomopods.git":
    - Movesense
  https://github.com/CocoaPods/Specs.git:
    - Alamofire
    - GRKOpenSSLFramework
    - PromiseKit
    - RxSwift
    - SwiftSpinner
    - SwiftyJSON
    - themis

EXTERNAL SOURCES:
  EVOClassificationKit:
    :path: "~/evomo/swift/frameworks/evoclassificationframework/"
  EVOControlLayer:
    :path: "~/evomo/swift/frameworks/EVOControlLayer/"
  EVOFoundation:
    :path: "~/evomo/swift/frameworks/emfoundation/"
  EVORecording:
    :path: "~/evomo/swift/frameworks/evorecording/"

SPEC CHECKSUMS:
  Alamofire: 85e8a02c69d6020a0d734f6054870d7ecb75cf18
  EVOClassificationKit: f907560b72863092db5087c64646ea7704f7c86f
  EVOControlLayer: cdba3fbb9ceabbcccb17df77e46b58f028c74f66
  EVOFoundation: f7c7593ab6723e19ddad7a23f7396c9a190ebd96
  EVORecording: fc0a96ca4088f79ab20fe119e6e02a2d5187b808
  GRKOpenSSLFramework: 1d65e55d569af7b23074373041a92cc8bc768a92
  Movesense: 3da12f7ebe8d5c9091ed3800f8098f95051b72df
  PromiseKit: c06835ba442ce5454ce3cdde470232804a6e4ff8
  RxSwift: e2dc62b366a3adf6a0be44ba9f405efd4c94e0c4
  SwiftSpinner: 0f15c006307f8d8bbac075638927ec1361b565d7
  SwiftyJSON: 36413e04c44ee145039d332b4f4e2d3e8d6c4db7
  themis: f4ef6d942670146ad08dca8cc99a34ae040878c0

PODFILE CHECKSUM: b5ad7e2a1aa70659f0c144956607a4a4a082215f

COCOAPODS: 1.8.4
