// !$*UTF8*$!
{
	archiveVersion = 1;
	classes = {
	};
	objectVersion = 51;
	objects = {

/* Begin PBXBuildFile section */
		2162B3CB36B6C0C1F858DA8D /* Pods_evomoExampleApp.framework in Frameworks */ = {isa = PBXBuildFile; fileRef = 9B31CA83C35928873D52B393 /* Pods_evomoExampleApp.framework */; };
		311C029223A3D913000085D4 /* DevicePositionDetectionExample.swift in Sources */ = {isa = PBXBuildFile; fileRef = 311C029123A3D913000085D4 /* DevicePositionDetectionExample.swift */; };
		311EB8AA23A6C9A50005F4F1 /* HandleDeviceEvents.swift in Sources */ = {isa = PBXBuildFile; fileRef = 311EB8A923A6C9A50005F4F1 /* HandleDeviceEvents.swift */; };
		31722A9724226BAB00919E99 /* AppDelegate.swift in Sources */ = {isa = PBXBuildFile; fileRef = 31722A9624226BAB00919E99 /* AppDelegate.swift */; };
		31722A9924226BAB00919E99 /* SceneDelegate.swift in Sources */ = {isa = PBXBuildFile; fileRef = 31722A9824226BAB00919E99 /* SceneDelegate.swift */; };
		31722A9B24226BAB00919E99 /* ViewController.swift in Sources */ = {isa = PBXBuildFile; fileRef = 31722A9A24226BAB00919E99 /* ViewController.swift */; };
		31722A9E24226BAB00919E99 /* Main.storyboard in Resources */ = {isa = PBXBuildFile; fileRef = 31722A9C24226BAB00919E99 /* Main.storyboard */; };
		31722AA024226BAE00919E99 /* Assets.xcassets in Resources */ = {isa = PBXBuildFile; fileRef = 31722A9F24226BAE00919E99 /* Assets.xcassets */; };
		31722AA324226BAE00919E99 /* LaunchScreen.storyboard in Resources */ = {isa = PBXBuildFile; fileRef = 31722AA124226BAE00919E99 /* LaunchScreen.storyboard */; };
		31A033712325AC06007359E1 /* DeviceScanViewController.swift in Sources */ = {isa = PBXBuildFile; fileRef = 31A033702325AC06007359E1 /* DeviceScanViewController.swift */; };
		31A033752326BEFA007359E1 /* SimpleViewController.swift in Sources */ = {isa = PBXBuildFile; fileRef = 31A033742326BEFA007359E1 /* SimpleViewController.swift */; };
		31C39B7C2227F4E200067873 /* AppDelegate.swift in Sources */ = {isa = PBXBuildFile; fileRef = 31C39B7B2227F4E200067873 /* AppDelegate.swift */; };
		31C39B7E2227F4E200067873 /* ComplexViewController.swift in Sources */ = {isa = PBXBuildFile; fileRef = 31C39B7D2227F4E200067873 /* ComplexViewController.swift */; };
		31C39B812227F4E200067873 /* Main.storyboard in Resources */ = {isa = PBXBuildFile; fileRef = 31C39B7F2227F4E200067873 /* Main.storyboard */; };
		31C39B832227F4E400067873 /* Assets.xcassets in Resources */ = {isa = PBXBuildFile; fileRef = 31C39B822227F4E400067873 /* Assets.xcassets */; };
		31C39B862227F4E400067873 /* LaunchScreen.storyboard in Resources */ = {isa = PBXBuildFile; fileRef = 31C39B842227F4E400067873 /* LaunchScreen.storyboard */; };
		31EF443B23A005AA006ED295 /* licenseData.swift in Sources */ = {isa = PBXBuildFile; fileRef = 31EF443A23A005AA006ED295 /* licenseData.swift */; };
		31F0687223F873980015448C /* AppDelegate.swift in Sources */ = {isa = PBXBuildFile; fileRef = 31F0687123F873980015448C /* AppDelegate.swift */; };
		31F0687423F873980015448C /* SceneDelegate.swift in Sources */ = {isa = PBXBuildFile; fileRef = 31F0687323F873980015448C /* SceneDelegate.swift */; };
		31F0687623F873980015448C /* ViewController.swift in Sources */ = {isa = PBXBuildFile; fileRef = 31F0687523F873980015448C /* ViewController.swift */; };
		31F0687923F873980015448C /* Main.storyboard in Resources */ = {isa = PBXBuildFile; fileRef = 31F0687723F873980015448C /* Main.storyboard */; };
		31F0687B23F873990015448C /* Assets.xcassets in Resources */ = {isa = PBXBuildFile; fileRef = 31F0687A23F873990015448C /* Assets.xcassets */; };
		31F0687E23F873990015448C /* LaunchScreen.storyboard in Resources */ = {isa = PBXBuildFile; fileRef = 31F0687C23F873990015448C /* LaunchScreen.storyboard */; };
		31F0688323F882D70015448C /* licenseData.swift in Sources */ = {isa = PBXBuildFile; fileRef = 31EF443A23A005AA006ED295 /* licenseData.swift */; };
		5382F4713E04C24F493845AF /* Pods_ClassificationOnlyExample.framework in Frameworks */ = {isa = PBXBuildFile; fileRef = 0F9A65CD0124FBD2914A9859 /* Pods_ClassificationOnlyExample.framework */; };
		C56E2987FABD677359E4E01E /* Pods_iPhoneOnlyExample.framework in Frameworks */ = {isa = PBXBuildFile; fileRef = 28FF1A8A6DF8E54C2100854D /* Pods_iPhoneOnlyExample.framework */; };
/* End PBXBuildFile section */

/* Begin PBXCopyFilesBuildPhase section */
		31B85D27225934EF00F9B6F2 /* Embed Frameworks */ = {
			isa = PBXCopyFilesBuildPhase;
			buildActionMask = 2147483647;
			dstPath = "";
			dstSubfolderSpec = 10;
			files = (
			);
			name = "Embed Frameworks";
			runOnlyForDeploymentPostprocessing = 0;
		};
/* End PBXCopyFilesBuildPhase section */

/* Begin PBXFileReference section */
		0C870A38ECDD286F0D2A033D /* Pods-evomoExampleApp.release.xcconfig */ = {isa = PBXFileReference; includeInIndex = 1; lastKnownFileType = text.xcconfig; name = "Pods-evomoExampleApp.release.xcconfig"; path = "Target Support Files/Pods-evomoExampleApp/Pods-evomoExampleApp.release.xcconfig"; sourceTree = "<group>"; };
		0F9A65CD0124FBD2914A9859 /* Pods_ClassificationOnlyExample.framework */ = {isa = PBXFileReference; explicitFileType = wrapper.framework; includeInIndex = 0; path = Pods_ClassificationOnlyExample.framework; sourceTree = BUILT_PRODUCTS_DIR; };
		17861B18277187DEFB1A1516 /* Pods-testSDK.release.xcconfig */ = {isa = PBXFileReference; includeInIndex = 1; lastKnownFileType = text.xcconfig; name = "Pods-testSDK.release.xcconfig"; path = "Target Support Files/Pods-testSDK/Pods-testSDK.release.xcconfig"; sourceTree = "<group>"; };
		241990C7AE015E4B52F6F432 /* Pods-ClassificationOnlyExample.debug.xcconfig */ = {isa = PBXFileReference; includeInIndex = 1; lastKnownFileType = text.xcconfig; name = "Pods-ClassificationOnlyExample.debug.xcconfig"; path = "Target Support Files/Pods-ClassificationOnlyExample/Pods-ClassificationOnlyExample.debug.xcconfig"; sourceTree = "<group>"; };
		28FF1A8A6DF8E54C2100854D /* Pods_iPhoneOnlyExample.framework */ = {isa = PBXFileReference; explicitFileType = wrapper.framework; includeInIndex = 0; path = Pods_iPhoneOnlyExample.framework; sourceTree = BUILT_PRODUCTS_DIR; };
		311C029123A3D913000085D4 /* DevicePositionDetectionExample.swift */ = {isa = PBXFileReference; lastKnownFileType = sourcecode.swift; path = DevicePositionDetectionExample.swift; sourceTree = "<group>"; };
		311EB8A923A6C9A50005F4F1 /* HandleDeviceEvents.swift */ = {isa = PBXFileReference; lastKnownFileType = sourcecode.swift; path = HandleDeviceEvents.swift; sourceTree = "<group>"; };
		316E7EF223296B36001A1BDB /* README.md */ = {isa = PBXFileReference; fileEncoding = 4; lastKnownFileType = net.daringfireball.markdown; path = README.md; sourceTree = "<group>"; };
		31722A9424226BAB00919E99 /* iPhoneOnlyExample.app */ = {isa = PBXFileReference; explicitFileType = wrapper.application; includeInIndex = 0; path = iPhoneOnlyExample.app; sourceTree = BUILT_PRODUCTS_DIR; };
		31722A9624226BAB00919E99 /* AppDelegate.swift */ = {isa = PBXFileReference; lastKnownFileType = sourcecode.swift; path = AppDelegate.swift; sourceTree = "<group>"; };
		31722A9824226BAB00919E99 /* SceneDelegate.swift */ = {isa = PBXFileReference; lastKnownFileType = sourcecode.swift; path = SceneDelegate.swift; sourceTree = "<group>"; };
		31722A9A24226BAB00919E99 /* ViewController.swift */ = {isa = PBXFileReference; lastKnownFileType = sourcecode.swift; path = ViewController.swift; sourceTree = "<group>"; };
		31722A9D24226BAB00919E99 /* Base */ = {isa = PBXFileReference; lastKnownFileType = file.storyboard; name = Base; path = Base.lproj/Main.storyboard; sourceTree = "<group>"; };
		31722A9F24226BAE00919E99 /* Assets.xcassets */ = {isa = PBXFileReference; lastKnownFileType = folder.assetcatalog; path = Assets.xcassets; sourceTree = "<group>"; };
		31722AA224226BAE00919E99 /* Base */ = {isa = PBXFileReference; lastKnownFileType = file.storyboard; name = Base; path = Base.lproj/LaunchScreen.storyboard; sourceTree = "<group>"; };
		31722AA424226BAE00919E99 /* Info.plist */ = {isa = PBXFileReference; lastKnownFileType = text.plist.xml; path = Info.plist; sourceTree = "<group>"; };
		31A033702325AC06007359E1 /* DeviceScanViewController.swift */ = {isa = PBXFileReference; lastKnownFileType = sourcecode.swift; path = DeviceScanViewController.swift; sourceTree = "<group>"; };
		31A033742326BEFA007359E1 /* SimpleViewController.swift */ = {isa = PBXFileReference; lastKnownFileType = sourcecode.swift; path = SimpleViewController.swift; sourceTree = "<group>"; };
		31C39B782227F4E200067873 /* evomoExampleApp.app */ = {isa = PBXFileReference; explicitFileType = wrapper.application; includeInIndex = 0; path = evomoExampleApp.app; sourceTree = BUILT_PRODUCTS_DIR; };
		31C39B7B2227F4E200067873 /* AppDelegate.swift */ = {isa = PBXFileReference; lastKnownFileType = sourcecode.swift; path = AppDelegate.swift; sourceTree = "<group>"; };
		31C39B7D2227F4E200067873 /* ComplexViewController.swift */ = {isa = PBXFileReference; lastKnownFileType = sourcecode.swift; path = ComplexViewController.swift; sourceTree = "<group>"; };
		31C39B802227F4E200067873 /* Base */ = {isa = PBXFileReference; lastKnownFileType = file.storyboard; name = Base; path = Base.lproj/Main.storyboard; sourceTree = "<group>"; };
		31C39B822227F4E400067873 /* Assets.xcassets */ = {isa = PBXFileReference; lastKnownFileType = folder.assetcatalog; path = Assets.xcassets; sourceTree = "<group>"; };
		31C39B852227F4E400067873 /* Base */ = {isa = PBXFileReference; lastKnownFileType = file.storyboard; name = Base; path = Base.lproj/LaunchScreen.storyboard; sourceTree = "<group>"; };
		31C39B872227F4E400067873 /* Info.plist */ = {isa = PBXFileReference; lastKnownFileType = text.plist.xml; path = Info.plist; sourceTree = "<group>"; };
		31C39C672229AE4400067873 /* Podfile */ = {isa = PBXFileReference; explicitFileType = text.script.ruby; fileEncoding = 4; path = Podfile; sourceTree = "<group>"; xcLanguageSpecificationIdentifier = xcode.lang.ruby; };
		31E33A6A23835F46008A9957 /* Podfile.lock */ = {isa = PBXFileReference; fileEncoding = 4; lastKnownFileType = text; path = Podfile.lock; sourceTree = "<group>"; };
		31EF443A23A005AA006ED295 /* licenseData.swift */ = {isa = PBXFileReference; lastKnownFileType = sourcecode.swift; path = licenseData.swift; sourceTree = "<group>"; };
		31F0686F23F873980015448C /* ClassificationOnlyExample.app */ = {isa = PBXFileReference; explicitFileType = wrapper.application; includeInIndex = 0; path = ClassificationOnlyExample.app; sourceTree = BUILT_PRODUCTS_DIR; };
		31F0687123F873980015448C /* AppDelegate.swift */ = {isa = PBXFileReference; lastKnownFileType = sourcecode.swift; path = AppDelegate.swift; sourceTree = "<group>"; };
		31F0687323F873980015448C /* SceneDelegate.swift */ = {isa = PBXFileReference; lastKnownFileType = sourcecode.swift; path = SceneDelegate.swift; sourceTree = "<group>"; };
		31F0687523F873980015448C /* ViewController.swift */ = {isa = PBXFileReference; lastKnownFileType = sourcecode.swift; path = ViewController.swift; sourceTree = "<group>"; };
		31F0687823F873980015448C /* Base */ = {isa = PBXFileReference; lastKnownFileType = file.storyboard; name = Base; path = Base.lproj/Main.storyboard; sourceTree = "<group>"; };
		31F0687A23F873990015448C /* Assets.xcassets */ = {isa = PBXFileReference; lastKnownFileType = folder.assetcatalog; path = Assets.xcassets; sourceTree = "<group>"; };
		31F0687D23F873990015448C /* Base */ = {isa = PBXFileReference; lastKnownFileType = file.storyboard; name = Base; path = Base.lproj/LaunchScreen.storyboard; sourceTree = "<group>"; };
		31F0687F23F873990015448C /* Info.plist */ = {isa = PBXFileReference; lastKnownFileType = text.plist.xml; path = Info.plist; sourceTree = "<group>"; };
		4876CED34667BC2336883233 /* Pods_testSDK.framework */ = {isa = PBXFileReference; explicitFileType = wrapper.framework; includeInIndex = 0; path = Pods_testSDK.framework; sourceTree = BUILT_PRODUCTS_DIR; };
		731FBC7A0F75AB41E9465601 /* Pods-iPhoneOnlyExample.debug.xcconfig */ = {isa = PBXFileReference; includeInIndex = 1; lastKnownFileType = text.xcconfig; name = "Pods-iPhoneOnlyExample.debug.xcconfig"; path = "Target Support Files/Pods-iPhoneOnlyExample/Pods-iPhoneOnlyExample.debug.xcconfig"; sourceTree = "<group>"; };
		7CFD9E89FAAE7DA2A4DA41BB /* Pods-ClassificationOnlyExample.release.xcconfig */ = {isa = PBXFileReference; includeInIndex = 1; lastKnownFileType = text.xcconfig; name = "Pods-ClassificationOnlyExample.release.xcconfig"; path = "Target Support Files/Pods-ClassificationOnlyExample/Pods-ClassificationOnlyExample.release.xcconfig"; sourceTree = "<group>"; };
		7FB14B0150B7226FCAA233E5 /* Pods-iPhoneOnlyExample.release.xcconfig */ = {isa = PBXFileReference; includeInIndex = 1; lastKnownFileType = text.xcconfig; name = "Pods-iPhoneOnlyExample.release.xcconfig"; path = "Target Support Files/Pods-iPhoneOnlyExample/Pods-iPhoneOnlyExample.release.xcconfig"; sourceTree = "<group>"; };
		9B31CA83C35928873D52B393 /* Pods_evomoExampleApp.framework */ = {isa = PBXFileReference; explicitFileType = wrapper.framework; includeInIndex = 0; path = Pods_evomoExampleApp.framework; sourceTree = BUILT_PRODUCTS_DIR; };
		C1B35B9531C2EE645A76C138 /* Pods-evomoExampleApp.debug.xcconfig */ = {isa = PBXFileReference; includeInIndex = 1; lastKnownFileType = text.xcconfig; name = "Pods-evomoExampleApp.debug.xcconfig"; path = "Target Support Files/Pods-evomoExampleApp/Pods-evomoExampleApp.debug.xcconfig"; sourceTree = "<group>"; };
		D84FE73BE76E313A36C33B55 /* Pods-testSDK.debug.xcconfig */ = {isa = PBXFileReference; includeInIndex = 1; lastKnownFileType = text.xcconfig; name = "Pods-testSDK.debug.xcconfig"; path = "Target Support Files/Pods-testSDK/Pods-testSDK.debug.xcconfig"; sourceTree = "<group>"; };
/* End PBXFileReference section */

/* Begin PBXFrameworksBuildPhase section */
		31722A9124226BAB00919E99 /* Frameworks */ = {
			isa = PBXFrameworksBuildPhase;
			buildActionMask = 2147483647;
			files = (
				C56E2987FABD677359E4E01E /* Pods_iPhoneOnlyExample.framework in Frameworks */,
			);
			runOnlyForDeploymentPostprocessing = 0;
		};
		31C39B752227F4E200067873 /* Frameworks */ = {
			isa = PBXFrameworksBuildPhase;
			buildActionMask = 2147483647;
			files = (
				2162B3CB36B6C0C1F858DA8D /* Pods_evomoExampleApp.framework in Frameworks */,
			);
			runOnlyForDeploymentPostprocessing = 0;
		};
		31F0686C23F873980015448C /* Frameworks */ = {
			isa = PBXFrameworksBuildPhase;
			buildActionMask = 2147483647;
			files = (
				5382F4713E04C24F493845AF /* Pods_ClassificationOnlyExample.framework in Frameworks */,
			);
			runOnlyForDeploymentPostprocessing = 0;
		};
/* End PBXFrameworksBuildPhase section */

/* Begin PBXGroup section */
		311EB8A623A698010005F4F1 /* inDevelopment */ = {
			isa = PBXGroup;
			children = (
				311C029123A3D913000085D4 /* DevicePositionDetectionExample.swift */,
			);
			path = inDevelopment;
			sourceTree = "<group>";
		};
		311EB8A823A6C98B0005F4F1 /* Utils */ = {
			isa = PBXGroup;
			children = (
				311EB8A923A6C9A50005F4F1 /* HandleDeviceEvents.swift */,
			);
			path = Utils;
			sourceTree = "<group>";
		};
		31722A9524226BAB00919E99 /* iPhoneOnlyExample */ = {
			isa = PBXGroup;
			children = (
				31722A9624226BAB00919E99 /* AppDelegate.swift */,
				31722A9824226BAB00919E99 /* SceneDelegate.swift */,
				31722A9A24226BAB00919E99 /* ViewController.swift */,
				31722A9C24226BAB00919E99 /* Main.storyboard */,
				31722A9F24226BAE00919E99 /* Assets.xcassets */,
				31722AA124226BAE00919E99 /* LaunchScreen.storyboard */,
				31722AA424226BAE00919E99 /* Info.plist */,
			);
			path = iPhoneOnlyExample;
			sourceTree = "<group>";
		};
		31A033762326C5A1007359E1 /* Simple */ = {
			isa = PBXGroup;
			children = (
				31A033742326BEFA007359E1 /* SimpleViewController.swift */,
			);
			path = Simple;
			sourceTree = "<group>";
		};
		31A033772326C5B0007359E1 /* Complex */ = {
			isa = PBXGroup;
			children = (
				31C39B7D2227F4E200067873 /* ComplexViewController.swift */,
				31A033702325AC06007359E1 /* DeviceScanViewController.swift */,
			);
			path = Complex;
			sourceTree = "<group>";
		};
		31C39B6F2227F4E200067873 = {
			isa = PBXGroup;
			children = (
				31EF443A23A005AA006ED295 /* licenseData.swift */,
				31E33A6A23835F46008A9957 /* Podfile.lock */,
				316E7EF223296B36001A1BDB /* README.md */,
				31C39C672229AE4400067873 /* Podfile */,
				31C39B7A2227F4E200067873 /* evomoExampleApp */,
				31722A9524226BAB00919E99 /* iPhoneOnlyExample */,
				31F0687023F873980015448C /* ClassificationOnlyExample */,
				31C39B792227F4E200067873 /* Products */,
				5CE16698AAA1999808CB2E00 /* Pods */,
				C796721686AFCCA39E375DDA /* Frameworks */,
			);
			sourceTree = "<group>";
		};
		31C39B792227F4E200067873 /* Products */ = {
			isa = PBXGroup;
			children = (
				31C39B782227F4E200067873 /* evomoExampleApp.app */,
				31F0686F23F873980015448C /* ClassificationOnlyExample.app */,
				31722A9424226BAB00919E99 /* iPhoneOnlyExample.app */,
			);
			name = Products;
			sourceTree = "<group>";
		};
		31C39B7A2227F4E200067873 /* evomoExampleApp */ = {
			isa = PBXGroup;
			children = (
				311EB8A823A6C98B0005F4F1 /* Utils */,
				311EB8A623A698010005F4F1 /* inDevelopment */,
				31A033772326C5B0007359E1 /* Complex */,
				31A033762326C5A1007359E1 /* Simple */,
				31C39B7B2227F4E200067873 /* AppDelegate.swift */,
				31C39B7F2227F4E200067873 /* Main.storyboard */,
				31C39B822227F4E400067873 /* Assets.xcassets */,
				31C39B842227F4E400067873 /* LaunchScreen.storyboard */,
				31C39B872227F4E400067873 /* Info.plist */,
			);
			path = evomoExampleApp;
			sourceTree = "<group>";
		};
		31F0687023F873980015448C /* ClassificationOnlyExample */ = {
			isa = PBXGroup;
			children = (
				31F0687123F873980015448C /* AppDelegate.swift */,
				31F0687323F873980015448C /* SceneDelegate.swift */,
				31F0687523F873980015448C /* ViewController.swift */,
				31F0687723F873980015448C /* Main.storyboard */,
				31F0687A23F873990015448C /* Assets.xcassets */,
				31F0687C23F873990015448C /* LaunchScreen.storyboard */,
				31F0687F23F873990015448C /* Info.plist */,
			);
			path = ClassificationOnlyExample;
			sourceTree = "<group>";
		};
		5CE16698AAA1999808CB2E00 /* Pods */ = {
			isa = PBXGroup;
			children = (
				D84FE73BE76E313A36C33B55 /* Pods-testSDK.debug.xcconfig */,
				17861B18277187DEFB1A1516 /* Pods-testSDK.release.xcconfig */,
				241990C7AE015E4B52F6F432 /* Pods-ClassificationOnlyExample.debug.xcconfig */,
				7CFD9E89FAAE7DA2A4DA41BB /* Pods-ClassificationOnlyExample.release.xcconfig */,
				C1B35B9531C2EE645A76C138 /* Pods-evomoExampleApp.debug.xcconfig */,
				0C870A38ECDD286F0D2A033D /* Pods-evomoExampleApp.release.xcconfig */,
				731FBC7A0F75AB41E9465601 /* Pods-iPhoneOnlyExample.debug.xcconfig */,
				7FB14B0150B7226FCAA233E5 /* Pods-iPhoneOnlyExample.release.xcconfig */,
			);
			path = Pods;
			sourceTree = "<group>";
		};
		C796721686AFCCA39E375DDA /* Frameworks */ = {
			isa = PBXGroup;
			children = (
				4876CED34667BC2336883233 /* Pods_testSDK.framework */,
				0F9A65CD0124FBD2914A9859 /* Pods_ClassificationOnlyExample.framework */,
				9B31CA83C35928873D52B393 /* Pods_evomoExampleApp.framework */,
				28FF1A8A6DF8E54C2100854D /* Pods_iPhoneOnlyExample.framework */,
			);
			name = Frameworks;
			sourceTree = "<group>";
		};
/* End PBXGroup section */

/* Begin PBXNativeTarget section */
		31722A9324226BAB00919E99 /* iPhoneOnlyExample */ = {
			isa = PBXNativeTarget;
			buildConfigurationList = 31722AA724226BAE00919E99 /* Build configuration list for PBXNativeTarget "iPhoneOnlyExample" */;
			buildPhases = (
				4A788C049EC501B65D578578 /* [CP] Check Pods Manifest.lock */,
				E1031DE59D8684289CF0708E /* [CP] Prepare Artifacts */,
				31722A9024226BAB00919E99 /* Sources */,
				31722A9124226BAB00919E99 /* Frameworks */,
				31722A9224226BAB00919E99 /* Resources */,
				EFAC0831E92572EDD0EDAD90 /* [CP] Embed Pods Frameworks */,
			);
			buildRules = (
			);
			dependencies = (
			);
			name = iPhoneOnlyExample;
			productName = iPhoneOnlyExample;
			productReference = 31722A9424226BAB00919E99 /* iPhoneOnlyExample.app */;
			productType = "com.apple.product-type.application";
		};
		31C39B772227F4E200067873 /* evomoExampleApp */ = {
			isa = PBXNativeTarget;
			buildConfigurationList = 31C39B8A2227F4E400067873 /* Build configuration list for PBXNativeTarget "evomoExampleApp" */;
			buildPhases = (
				EAFFC1E88091A73F662B6E47 /* [CP] Check Pods Manifest.lock */,
				11D033811FE9D9EEBB81208F /* [CP] Prepare Artifacts */,
				31C39B742227F4E200067873 /* Sources */,
				31C39B752227F4E200067873 /* Frameworks */,
				31C39B762227F4E200067873 /* Resources */,
				31B85D27225934EF00F9B6F2 /* Embed Frameworks */,
				29D536CE179FCDC78F9A5405 /* [CP] Embed Pods Frameworks */,
			);
			buildRules = (
			);
			dependencies = (
			);
			name = evomoExampleApp;
			productName = sdkTest;
			productReference = 31C39B782227F4E200067873 /* evomoExampleApp.app */;
			productType = "com.apple.product-type.application";
		};
		31F0686E23F873980015448C /* ClassificationOnlyExample */ = {
			isa = PBXNativeTarget;
			buildConfigurationList = 31F0688223F873990015448C /* Build configuration list for PBXNativeTarget "ClassificationOnlyExample" */;
			buildPhases = (
				2B6C6709DC903A77C2E33E74 /* [CP] Check Pods Manifest.lock */,
				0CD17866BA17A9169B25B86B /* [CP] Prepare Artifacts */,
				31F0686B23F873980015448C /* Sources */,
				31F0686C23F873980015448C /* Frameworks */,
				31F0686D23F873980015448C /* Resources */,
				254807EE1CE76B9122A6D544 /* [CP] Embed Pods Frameworks */,
			);
			buildRules = (
			);
			dependencies = (
			);
			name = ClassificationOnlyExample;
			productName = ClassificationOnlyExample;
			productReference = 31F0686F23F873980015448C /* ClassificationOnlyExample.app */;
			productType = "com.apple.product-type.application";
		};
/* End PBXNativeTarget section */

/* Begin PBXProject section */
		31C39B702227F4E200067873 /* Project object */ = {
			isa = PBXProject;
			attributes = {
				DefaultBuildSystemTypeForWorkspace = Original;
				LastSwiftUpdateCheck = 1130;
				LastUpgradeCheck = 1010;
				ORGANIZATIONNAME = "Evomo UG";
				TargetAttributes = {
					31722A9324226BAB00919E99 = {
						CreatedOnToolsVersion = 11.3.1;
					};
					31C39B772227F4E200067873 = {
						CreatedOnToolsVersion = 10.1;
						SystemCapabilities = {
							com.apple.HealthKit = {
								enabled = 0;
							};
						};
					};
					31F0686E23F873980015448C = {
						CreatedOnToolsVersion = 11.3.1;
					};
				};
			};
			buildConfigurationList = 31C39B732227F4E200067873 /* Build configuration list for PBXProject "evomoExampleApp" */;
			compatibilityVersion = "Xcode 9.3";
			developmentRegion = en;
			hasScannedForEncodings = 0;
			knownRegions = (
				en,
				Base,
			);
			mainGroup = 31C39B6F2227F4E200067873;
			productRefGroup = 31C39B792227F4E200067873 /* Products */;
			projectDirPath = "";
			projectRoot = "";
			targets = (
				31C39B772227F4E200067873 /* evomoExampleApp */,
				31F0686E23F873980015448C /* ClassificationOnlyExample */,
				31722A9324226BAB00919E99 /* iPhoneOnlyExample */,
			);
		};
/* End PBXProject section */

/* Begin PBXResourcesBuildPhase section */
		31722A9224226BAB00919E99 /* Resources */ = {
			isa = PBXResourcesBuildPhase;
			buildActionMask = 2147483647;
			files = (
				31722AA324226BAE00919E99 /* LaunchScreen.storyboard in Resources */,
				31722AA024226BAE00919E99 /* Assets.xcassets in Resources */,
				31722A9E24226BAB00919E99 /* Main.storyboard in Resources */,
			);
			runOnlyForDeploymentPostprocessing = 0;
		};
		31C39B762227F4E200067873 /* Resources */ = {
			isa = PBXResourcesBuildPhase;
			buildActionMask = 2147483647;
			files = (
				31C39B862227F4E400067873 /* LaunchScreen.storyboard in Resources */,
				31C39B832227F4E400067873 /* Assets.xcassets in Resources */,
				31C39B812227F4E200067873 /* Main.storyboard in Resources */,
			);
			runOnlyForDeploymentPostprocessing = 0;
		};
		31F0686D23F873980015448C /* Resources */ = {
			isa = PBXResourcesBuildPhase;
			buildActionMask = 2147483647;
			files = (
				31F0687E23F873990015448C /* LaunchScreen.storyboard in Resources */,
				31F0687B23F873990015448C /* Assets.xcassets in Resources */,
				31F0687923F873980015448C /* Main.storyboard in Resources */,
			);
			runOnlyForDeploymentPostprocessing = 0;
		};
/* End PBXResourcesBuildPhase section */

/* Begin PBXShellScriptBuildPhase section */
		0CD17866BA17A9169B25B86B /* [CP] Prepare Artifacts */ = {
			isa = PBXShellScriptBuildPhase;
			buildActionMask = 2147483647;
			files = (
			);
			inputFileListPaths = (
				"${PODS_ROOT}/Target Support Files/Pods-ClassificationOnlyExample/Pods-ClassificationOnlyExample-artifacts-${CONFIGURATION}-input-files.xcfilelist",
			);
			name = "[CP] Prepare Artifacts";
			outputFileListPaths = (
				"${PODS_ROOT}/Target Support Files/Pods-ClassificationOnlyExample/Pods-ClassificationOnlyExample-artifacts-${CONFIGURATION}-output-files.xcfilelist",
			);
			runOnlyForDeploymentPostprocessing = 0;
			shellPath = /bin/sh;
			shellScript = "\"${PODS_ROOT}/Target Support Files/Pods-ClassificationOnlyExample/Pods-ClassificationOnlyExample-artifacts.sh\"\n";
			showEnvVarsInLog = 0;
		};
		11D033811FE9D9EEBB81208F /* [CP] Prepare Artifacts */ = {
			isa = PBXShellScriptBuildPhase;
			buildActionMask = 2147483647;
			files = (
			);
			inputFileListPaths = (
				"${PODS_ROOT}/Target Support Files/Pods-evomoExampleApp/Pods-evomoExampleApp-artifacts-${CONFIGURATION}-input-files.xcfilelist",
			);
			name = "[CP] Prepare Artifacts";
			outputFileListPaths = (
				"${PODS_ROOT}/Target Support Files/Pods-evomoExampleApp/Pods-evomoExampleApp-artifacts-${CONFIGURATION}-output-files.xcfilelist",
			);
			runOnlyForDeploymentPostprocessing = 0;
			shellPath = /bin/sh;
			shellScript = "\"${PODS_ROOT}/Target Support Files/Pods-evomoExampleApp/Pods-evomoExampleApp-artifacts.sh\"\n";
			showEnvVarsInLog = 0;
		};
		254807EE1CE76B9122A6D544 /* [CP] Embed Pods Frameworks */ = {
			isa = PBXShellScriptBuildPhase;
			buildActionMask = 2147483647;
			files = (
			);
			inputFileListPaths = (
				"${PODS_ROOT}/Target Support Files/Pods-ClassificationOnlyExample/Pods-ClassificationOnlyExample-frameworks-${CONFIGURATION}-input-files.xcfilelist",
			);
			name = "[CP] Embed Pods Frameworks";
			outputFileListPaths = (
				"${PODS_ROOT}/Target Support Files/Pods-ClassificationOnlyExample/Pods-ClassificationOnlyExample-frameworks-${CONFIGURATION}-output-files.xcfilelist",
			);
			runOnlyForDeploymentPostprocessing = 0;
			shellPath = /bin/sh;
			shellScript = "\"${PODS_ROOT}/Target Support Files/Pods-ClassificationOnlyExample/Pods-ClassificationOnlyExample-frameworks.sh\"\n";
			showEnvVarsInLog = 0;
		};
		29D536CE179FCDC78F9A5405 /* [CP] Embed Pods Frameworks */ = {
			isa = PBXShellScriptBuildPhase;
			buildActionMask = 2147483647;
			files = (
			);
			inputFileListPaths = (
				"${PODS_ROOT}/Target Support Files/Pods-evomoExampleApp/Pods-evomoExampleApp-frameworks-${CONFIGURATION}-input-files.xcfilelist",
			);
			name = "[CP] Embed Pods Frameworks";
			outputFileListPaths = (
				"${PODS_ROOT}/Target Support Files/Pods-evomoExampleApp/Pods-evomoExampleApp-frameworks-${CONFIGURATION}-output-files.xcfilelist",
			);
			runOnlyForDeploymentPostprocessing = 0;
			shellPath = /bin/sh;
			shellScript = "\"${PODS_ROOT}/Target Support Files/Pods-evomoExampleApp/Pods-evomoExampleApp-frameworks.sh\"\n";
			showEnvVarsInLog = 0;
		};
		2B6C6709DC903A77C2E33E74 /* [CP] Check Pods Manifest.lock */ = {
			isa = PBXShellScriptBuildPhase;
			buildActionMask = 2147483647;
			files = (
			);
			inputFileListPaths = (
			);
			inputPaths = (
				"${PODS_PODFILE_DIR_PATH}/Podfile.lock",
				"${PODS_ROOT}/Manifest.lock",
			);
			name = "[CP] Check Pods Manifest.lock";
			outputFileListPaths = (
			);
			outputPaths = (
				"$(DERIVED_FILE_DIR)/Pods-ClassificationOnlyExample-checkManifestLockResult.txt",
			);
			runOnlyForDeploymentPostprocessing = 0;
			shellPath = /bin/sh;
			shellScript = "diff \"${PODS_PODFILE_DIR_PATH}/Podfile.lock\" \"${PODS_ROOT}/Manifest.lock\" > /dev/null\nif [ $? != 0 ] ; then\n    # print error to STDERR\n    echo \"error: The sandbox is not in sync with the Podfile.lock. Run 'pod install' or update your CocoaPods installation.\" >&2\n    exit 1\nfi\n# This output is used by Xcode 'outputs' to avoid re-running this script phase.\necho \"SUCCESS\" > \"${SCRIPT_OUTPUT_FILE_0}\"\n";
			showEnvVarsInLog = 0;
		};
		4A788C049EC501B65D578578 /* [CP] Check Pods Manifest.lock */ = {
			isa = PBXShellScriptBuildPhase;
			buildActionMask = 2147483647;
			files = (
			);
			inputFileListPaths = (
			);
			inputPaths = (
				"${PODS_PODFILE_DIR_PATH}/Podfile.lock",
				"${PODS_ROOT}/Manifest.lock",
			);
			name = "[CP] Check Pods Manifest.lock";
			outputFileListPaths = (
			);
			outputPaths = (
				"$(DERIVED_FILE_DIR)/Pods-iPhoneOnlyExample-checkManifestLockResult.txt",
			);
			runOnlyForDeploymentPostprocessing = 0;
			shellPath = /bin/sh;
			shellScript = "diff \"${PODS_PODFILE_DIR_PATH}/Podfile.lock\" \"${PODS_ROOT}/Manifest.lock\" > /dev/null\nif [ $? != 0 ] ; then\n    # print error to STDERR\n    echo \"error: The sandbox is not in sync with the Podfile.lock. Run 'pod install' or update your CocoaPods installation.\" >&2\n    exit 1\nfi\n# This output is used by Xcode 'outputs' to avoid re-running this script phase.\necho \"SUCCESS\" > \"${SCRIPT_OUTPUT_FILE_0}\"\n";
			showEnvVarsInLog = 0;
		};
		E1031DE59D8684289CF0708E /* [CP] Prepare Artifacts */ = {
			isa = PBXShellScriptBuildPhase;
			buildActionMask = 2147483647;
			files = (
			);
			inputFileListPaths = (
				"${PODS_ROOT}/Target Support Files/Pods-iPhoneOnlyExample/Pods-iPhoneOnlyExample-artifacts-${CONFIGURATION}-input-files.xcfilelist",
			);
			name = "[CP] Prepare Artifacts";
			outputFileListPaths = (
				"${PODS_ROOT}/Target Support Files/Pods-iPhoneOnlyExample/Pods-iPhoneOnlyExample-artifacts-${CONFIGURATION}-output-files.xcfilelist",
			);
			runOnlyForDeploymentPostprocessing = 0;
			shellPath = /bin/sh;
			shellScript = "\"${PODS_ROOT}/Target Support Files/Pods-iPhoneOnlyExample/Pods-iPhoneOnlyExample-artifacts.sh\"\n";
			showEnvVarsInLog = 0;
		};
		EAFFC1E88091A73F662B6E47 /* [CP] Check Pods Manifest.lock */ = {
			isa = PBXShellScriptBuildPhase;
			buildActionMask = 2147483647;
			files = (
			);
			inputFileListPaths = (
			);
			inputPaths = (
				"${PODS_PODFILE_DIR_PATH}/Podfile.lock",
				"${PODS_ROOT}/Manifest.lock",
			);
			name = "[CP] Check Pods Manifest.lock";
			outputFileListPaths = (
			);
			outputPaths = (
				"$(DERIVED_FILE_DIR)/Pods-evomoExampleApp-checkManifestLockResult.txt",
			);
			runOnlyForDeploymentPostprocessing = 0;
			shellPath = /bin/sh;
			shellScript = "diff \"${PODS_PODFILE_DIR_PATH}/Podfile.lock\" \"${PODS_ROOT}/Manifest.lock\" > /dev/null\nif [ $? != 0 ] ; then\n    # print error to STDERR\n    echo \"error: The sandbox is not in sync with the Podfile.lock. Run 'pod install' or update your CocoaPods installation.\" >&2\n    exit 1\nfi\n# This output is used by Xcode 'outputs' to avoid re-running this script phase.\necho \"SUCCESS\" > \"${SCRIPT_OUTPUT_FILE_0}\"\n";
			showEnvVarsInLog = 0;
		};
		EFAC0831E92572EDD0EDAD90 /* [CP] Embed Pods Frameworks */ = {
			isa = PBXShellScriptBuildPhase;
			buildActionMask = 2147483647;
			files = (
			);
			inputFileListPaths = (
				"${PODS_ROOT}/Target Support Files/Pods-iPhoneOnlyExample/Pods-iPhoneOnlyExample-frameworks-${CONFIGURATION}-input-files.xcfilelist",
			);
			name = "[CP] Embed Pods Frameworks";
			outputFileListPaths = (
				"${PODS_ROOT}/Target Support Files/Pods-iPhoneOnlyExample/Pods-iPhoneOnlyExample-frameworks-${CONFIGURATION}-output-files.xcfilelist",
			);
			runOnlyForDeploymentPostprocessing = 0;
			shellPath = /bin/sh;
			shellScript = "\"${PODS_ROOT}/Target Support Files/Pods-iPhoneOnlyExample/Pods-iPhoneOnlyExample-frameworks.sh\"\n";
			showEnvVarsInLog = 0;
		};
/* End PBXShellScriptBuildPhase section */

/* Begin PBXSourcesBuildPhase section */
		31722A9024226BAB00919E99 /* Sources */ = {
			isa = PBXSourcesBuildPhase;
			buildActionMask = 2147483647;
			files = (
				31722A9B24226BAB00919E99 /* ViewController.swift in Sources */,
				31722A9724226BAB00919E99 /* AppDelegate.swift in Sources */,
				31722A9924226BAB00919E99 /* SceneDelegate.swift in Sources */,
			);
			runOnlyForDeploymentPostprocessing = 0;
		};
		31C39B742227F4E200067873 /* Sources */ = {
			isa = PBXSourcesBuildPhase;
			buildActionMask = 2147483647;
			files = (
				311EB8AA23A6C9A50005F4F1 /* HandleDeviceEvents.swift in Sources */,
				31A033752326BEFA007359E1 /* SimpleViewController.swift in Sources */,
				311C029223A3D913000085D4 /* DevicePositionDetectionExample.swift in Sources */,
				31C39B7E2227F4E200067873 /* ComplexViewController.swift in Sources */,
				31C39B7C2227F4E200067873 /* AppDelegate.swift in Sources */,
				31A033712325AC06007359E1 /* DeviceScanViewController.swift in Sources */,
				31EF443B23A005AA006ED295 /* licenseData.swift in Sources */,
			);
			runOnlyForDeploymentPostprocessing = 0;
		};
		31F0686B23F873980015448C /* Sources */ = {
			isa = PBXSourcesBuildPhase;
			buildActionMask = 2147483647;
			files = (
				31F0687623F873980015448C /* ViewController.swift in Sources */,
				31F0688323F882D70015448C /* licenseData.swift in Sources */,
				31F0687223F873980015448C /* AppDelegate.swift in Sources */,
				31F0687423F873980015448C /* SceneDelegate.swift in Sources */,
			);
			runOnlyForDeploymentPostprocessing = 0;
		};
/* End PBXSourcesBuildPhase section */

/* Begin PBXVariantGroup section */
		31722A9C24226BAB00919E99 /* Main.storyboard */ = {
			isa = PBXVariantGroup;
			children = (
				31722A9D24226BAB00919E99 /* Base */,
			);
			name = Main.storyboard;
			sourceTree = "<group>";
		};
		31722AA124226BAE00919E99 /* LaunchScreen.storyboard */ = {
			isa = PBXVariantGroup;
			children = (
				31722AA224226BAE00919E99 /* Base */,
			);
			name = LaunchScreen.storyboard;
			sourceTree = "<group>";
		};
		31C39B7F2227F4E200067873 /* Main.storyboard */ = {
			isa = PBXVariantGroup;
			children = (
				31C39B802227F4E200067873 /* Base */,
			);
			name = Main.storyboard;
			sourceTree = "<group>";
		};
		31C39B842227F4E400067873 /* LaunchScreen.storyboard */ = {
			isa = PBXVariantGroup;
			children = (
				31C39B852227F4E400067873 /* Base */,
			);
			name = LaunchScreen.storyboard;
			sourceTree = "<group>";
		};
		31F0687723F873980015448C /* Main.storyboard */ = {
			isa = PBXVariantGroup;
			children = (
				31F0687823F873980015448C /* Base */,
			);
			name = Main.storyboard;
			sourceTree = "<group>";
		};
		31F0687C23F873990015448C /* LaunchScreen.storyboard */ = {
			isa = PBXVariantGroup;
			children = (
				31F0687D23F873990015448C /* Base */,
			);
			name = LaunchScreen.storyboard;
			sourceTree = "<group>";
		};
/* End PBXVariantGroup section */

/* Begin XCBuildConfiguration section */
		31722AA524226BAE00919E99 /* Debug */ = {
			isa = XCBuildConfiguration;
			baseConfigurationReference = 731FBC7A0F75AB41E9465601 /* Pods-iPhoneOnlyExample.debug.xcconfig */;
			buildSettings = {
				ASSETCATALOG_COMPILER_APPICON_NAME = AppIcon;
				CODE_SIGN_STYLE = Automatic;
				DEVELOPMENT_TEAM = 8298DX3KDW;
				INFOPLIST_FILE = iPhoneOnlyExample/Info.plist;
				IPHONEOS_DEPLOYMENT_TARGET = 12.1;
				LD_RUNPATH_SEARCH_PATHS = (
					"$(inherited)",
					"@executable_path/Frameworks",
				);
				PRODUCT_BUNDLE_IDENTIFIER = evomo.iPhoneOnlyExample;
				PRODUCT_NAME = "$(TARGET_NAME)";
				SWIFT_VERSION = 5.0;
				TARGETED_DEVICE_FAMILY = "1,2";
			};
			name = Debug;
		};
		31722AA624226BAE00919E99 /* Release */ = {
			isa = XCBuildConfiguration;
			baseConfigurationReference = 7FB14B0150B7226FCAA233E5 /* Pods-iPhoneOnlyExample.release.xcconfig */;
			buildSettings = {
				ASSETCATALOG_COMPILER_APPICON_NAME = AppIcon;
				CODE_SIGN_STYLE = Automatic;
				DEVELOPMENT_TEAM = 8298DX3KDW;
				INFOPLIST_FILE = iPhoneOnlyExample/Info.plist;
				IPHONEOS_DEPLOYMENT_TARGET = 12.1;
				LD_RUNPATH_SEARCH_PATHS = (
					"$(inherited)",
					"@executable_path/Frameworks",
				);
				PRODUCT_BUNDLE_IDENTIFIER = evomo.iPhoneOnlyExample;
				PRODUCT_NAME = "$(TARGET_NAME)";
				SWIFT_VERSION = 5.0;
				TARGETED_DEVICE_FAMILY = "1,2";
			};
			name = Release;
		};
		31C39B882227F4E400067873 /* Debug */ = {
			isa = XCBuildConfiguration;
			buildSettings = {
				ALWAYS_SEARCH_USER_PATHS = NO;
				CLANG_ANALYZER_NONNULL = YES;
				CLANG_ANALYZER_NUMBER_OBJECT_CONVERSION = YES_AGGRESSIVE;
				CLANG_CXX_LANGUAGE_STANDARD = "gnu++14";
				CLANG_CXX_LIBRARY = "libc++";
				CLANG_ENABLE_MODULES = YES;
				CLANG_ENABLE_OBJC_ARC = YES;
				CLANG_ENABLE_OBJC_WEAK = YES;
				CLANG_WARN_BLOCK_CAPTURE_AUTORELEASING = YES;
				CLANG_WARN_BOOL_CONVERSION = YES;
				CLANG_WARN_COMMA = YES;
				CLANG_WARN_CONSTANT_CONVERSION = YES;
				CLANG_WARN_DEPRECATED_OBJC_IMPLEMENTATIONS = YES;
				CLANG_WARN_DIRECT_OBJC_ISA_USAGE = YES_ERROR;
				CLANG_WARN_DOCUMENTATION_COMMENTS = YES;
				CLANG_WARN_EMPTY_BODY = YES;
				CLANG_WARN_ENUM_CONVERSION = YES;
				CLANG_WARN_INFINITE_RECURSION = YES;
				CLANG_WARN_INT_CONVERSION = YES;
				CLANG_WARN_NON_LITERAL_NULL_CONVERSION = YES;
				CLANG_WARN_OBJC_IMPLICIT_RETAIN_SELF = YES;
				CLANG_WARN_OBJC_LITERAL_CONVERSION = YES;
				CLANG_WARN_OBJC_ROOT_CLASS = YES_ERROR;
				CLANG_WARN_RANGE_LOOP_ANALYSIS = YES;
				CLANG_WARN_STRICT_PROTOTYPES = YES;
				CLANG_WARN_SUSPICIOUS_MOVE = YES;
				CLANG_WARN_UNGUARDED_AVAILABILITY = YES_AGGRESSIVE;
				CLANG_WARN_UNREACHABLE_CODE = YES;
				CLANG_WARN__DUPLICATE_METHOD_MATCH = YES;
				CODE_SIGN_IDENTITY = "iPhone Developer";
				COPY_PHASE_STRIP = NO;
				DEBUG_INFORMATION_FORMAT = dwarf;
				ENABLE_STRICT_OBJC_MSGSEND = YES;
				ENABLE_TESTABILITY = YES;
				GCC_C_LANGUAGE_STANDARD = gnu11;
				GCC_DYNAMIC_NO_PIC = NO;
				GCC_NO_COMMON_BLOCKS = YES;
				GCC_OPTIMIZATION_LEVEL = 0;
				GCC_PREPROCESSOR_DEFINITIONS = (
					"DEBUG=1",
					"$(inherited)",
				);
				GCC_WARN_64_TO_32_BIT_CONVERSION = YES;
				GCC_WARN_ABOUT_RETURN_TYPE = YES_ERROR;
				GCC_WARN_UNDECLARED_SELECTOR = YES;
				GCC_WARN_UNINITIALIZED_AUTOS = YES_AGGRESSIVE;
				GCC_WARN_UNUSED_FUNCTION = YES;
				GCC_WARN_UNUSED_VARIABLE = YES;
				IPHONEOS_DEPLOYMENT_TARGET = 12.1;
				MTL_ENABLE_DEBUG_INFO = INCLUDE_SOURCE;
				MTL_FAST_MATH = YES;
				ONLY_ACTIVE_ARCH = YES;
				OTHER_CFLAGS = "-fembed-bitcode-marker";
				SDKROOT = iphoneos;
				SWIFT_ACTIVE_COMPILATION_CONDITIONS = DEBUG;
				SWIFT_OPTIMIZATION_LEVEL = "-Onone";
				SWIFT_VERSION = 5.0;
			};
			name = Debug;
		};
		31C39B892227F4E400067873 /* Release */ = {
			isa = XCBuildConfiguration;
			buildSettings = {
				ALWAYS_SEARCH_USER_PATHS = NO;
				CLANG_ANALYZER_NONNULL = YES;
				CLANG_ANALYZER_NUMBER_OBJECT_CONVERSION = YES_AGGRESSIVE;
				CLANG_CXX_LANGUAGE_STANDARD = "gnu++14";
				CLANG_CXX_LIBRARY = "libc++";
				CLANG_ENABLE_MODULES = YES;
				CLANG_ENABLE_OBJC_ARC = YES;
				CLANG_ENABLE_OBJC_WEAK = YES;
				CLANG_WARN_BLOCK_CAPTURE_AUTORELEASING = YES;
				CLANG_WARN_BOOL_CONVERSION = YES;
				CLANG_WARN_COMMA = YES;
				CLANG_WARN_CONSTANT_CONVERSION = YES;
				CLANG_WARN_DEPRECATED_OBJC_IMPLEMENTATIONS = YES;
				CLANG_WARN_DIRECT_OBJC_ISA_USAGE = YES_ERROR;
				CLANG_WARN_DOCUMENTATION_COMMENTS = YES;
				CLANG_WARN_EMPTY_BODY = YES;
				CLANG_WARN_ENUM_CONVERSION = YES;
				CLANG_WARN_INFINITE_RECURSION = YES;
				CLANG_WARN_INT_CONVERSION = YES;
				CLANG_WARN_NON_LITERAL_NULL_CONVERSION = YES;
				CLANG_WARN_OBJC_IMPLICIT_RETAIN_SELF = YES;
				CLANG_WARN_OBJC_LITERAL_CONVERSION = YES;
				CLANG_WARN_OBJC_ROOT_CLASS = YES_ERROR;
				CLANG_WARN_RANGE_LOOP_ANALYSIS = YES;
				CLANG_WARN_STRICT_PROTOTYPES = YES;
				CLANG_WARN_SUSPICIOUS_MOVE = YES;
				CLANG_WARN_UNGUARDED_AVAILABILITY = YES_AGGRESSIVE;
				CLANG_WARN_UNREACHABLE_CODE = YES;
				CLANG_WARN__DUPLICATE_METHOD_MATCH = YES;
				CODE_SIGN_IDENTITY = "iPhone Developer";
				COPY_PHASE_STRIP = NO;
				DEBUG_INFORMATION_FORMAT = "dwarf-with-dsym";
				ENABLE_NS_ASSERTIONS = NO;
				ENABLE_STRICT_OBJC_MSGSEND = YES;
				GCC_C_LANGUAGE_STANDARD = gnu11;
				GCC_NO_COMMON_BLOCKS = YES;
				GCC_WARN_64_TO_32_BIT_CONVERSION = YES;
				GCC_WARN_ABOUT_RETURN_TYPE = YES_ERROR;
				GCC_WARN_UNDECLARED_SELECTOR = YES;
				GCC_WARN_UNINITIALIZED_AUTOS = YES_AGGRESSIVE;
				GCC_WARN_UNUSED_FUNCTION = YES;
				GCC_WARN_UNUSED_VARIABLE = YES;
				IPHONEOS_DEPLOYMENT_TARGET = 12.1;
				MTL_ENABLE_DEBUG_INFO = NO;
				MTL_FAST_MATH = YES;
				OTHER_CFLAGS = "-fembed-bitcode";
				SDKROOT = iphoneos;
				SWIFT_COMPILATION_MODE = wholemodule;
				SWIFT_OPTIMIZATION_LEVEL = "-O";
				SWIFT_VERSION = 5.0;
				VALIDATE_PRODUCT = YES;
			};
			name = Release;
		};
		31C39B8B2227F4E400067873 /* Debug */ = {
			isa = XCBuildConfiguration;
			baseConfigurationReference = C1B35B9531C2EE645A76C138 /* Pods-evomoExampleApp.debug.xcconfig */;
			buildSettings = {
				ASSETCATALOG_COMPILER_APPICON_NAME = AppIcon;
				CODE_SIGN_IDENTITY = "iPhone Developer";
				CODE_SIGN_STYLE = Automatic;
				DEVELOPMENT_TEAM = 8298DX3KDW;
				FRAMEWORK_SEARCH_PATHS = (
					"$(inherited)",
					"$(PROJECT_DIR)",
					"$(PROJECT_DIR)/Frameworks",
				);
				INFOPLIST_FILE = evomoExampleApp/Info.plist;
				IPHONEOS_DEPLOYMENT_TARGET = 12.1;
				LD_RUNPATH_SEARCH_PATHS = (
					"$(inherited)",
					"@executable_path/Frameworks",
				);
				OTHER_LDFLAGS = (
					"$(inherited)",
					"-ObjC",
					"-l\"c++\"",
					"-l\"z\"",
				);
				PRODUCT_BUNDLE_IDENTIFIER = evomo.evomoExampleApp;
				PRODUCT_NAME = "$(TARGET_NAME)";
				PROVISIONING_PROFILE_SPECIFIER = "";
				SWIFT_VERSION = 5.0;
				TARGETED_DEVICE_FAMILY = "1,2";
			};
			name = Debug;
		};
		31C39B8C2227F4E400067873 /* Release */ = {
			isa = XCBuildConfiguration;
			baseConfigurationReference = 0C870A38ECDD286F0D2A033D /* Pods-evomoExampleApp.release.xcconfig */;
			buildSettings = {
				ASSETCATALOG_COMPILER_APPICON_NAME = AppIcon;
				CODE_SIGN_IDENTITY = "iPhone Developer";
				CODE_SIGN_STYLE = Automatic;
				DEVELOPMENT_TEAM = 8298DX3KDW;
				FRAMEWORK_SEARCH_PATHS = (
					"$(inherited)",
					"$(PROJECT_DIR)",
					"$(PROJECT_DIR)/Frameworks",
				);
				INFOPLIST_FILE = evomoExampleApp/Info.plist;
				IPHONEOS_DEPLOYMENT_TARGET = 12.1;
				LD_RUNPATH_SEARCH_PATHS = (
					"$(inherited)",
					"@executable_path/Frameworks",
				);
				OTHER_LDFLAGS = (
					"$(inherited)",
					"-ObjC",
					"-l\"c++\"",
					"-l\"z\"",
				);
				PRODUCT_BUNDLE_IDENTIFIER = evomo.evomoExampleApp;
				PRODUCT_NAME = "$(TARGET_NAME)";
				PROVISIONING_PROFILE_SPECIFIER = "";
				SWIFT_VERSION = 5.0;
				TARGETED_DEVICE_FAMILY = "1,2";
			};
			name = Release;
		};
		31F0688023F873990015448C /* Debug */ = {
			isa = XCBuildConfiguration;
			baseConfigurationReference = 241990C7AE015E4B52F6F432 /* Pods-ClassificationOnlyExample.debug.xcconfig */;
			buildSettings = {
				ASSETCATALOG_COMPILER_APPICON_NAME = AppIcon;
				CODE_SIGN_STYLE = Automatic;
				DEVELOPMENT_TEAM = 8298DX3KDW;
				INFOPLIST_FILE = ClassificationOnlyExample/Info.plist;
				IPHONEOS_DEPLOYMENT_TARGET = 12.1;
				LD_RUNPATH_SEARCH_PATHS = (
					"$(inherited)",
					"@executable_path/Frameworks",
				);
				PRODUCT_BUNDLE_IDENTIFIER = evomo.ClassificationOnlyExample;
				PRODUCT_NAME = "$(TARGET_NAME)";
				SWIFT_VERSION = 5.0;
				TARGETED_DEVICE_FAMILY = "1,2";
			};
			name = Debug;
		};
		31F0688123F873990015448C /* Release */ = {
			isa = XCBuildConfiguration;
			baseConfigurationReference = 7CFD9E89FAAE7DA2A4DA41BB /* Pods-ClassificationOnlyExample.release.xcconfig */;
			buildSettings = {
				ASSETCATALOG_COMPILER_APPICON_NAME = AppIcon;
				CODE_SIGN_STYLE = Automatic;
				DEVELOPMENT_TEAM = 8298DX3KDW;
				INFOPLIST_FILE = ClassificationOnlyExample/Info.plist;
				IPHONEOS_DEPLOYMENT_TARGET = 12.1;
				LD_RUNPATH_SEARCH_PATHS = (
					"$(inherited)",
					"@executable_path/Frameworks",
				);
				PRODUCT_BUNDLE_IDENTIFIER = evomo.ClassificationOnlyExample;
				PRODUCT_NAME = "$(TARGET_NAME)";
				SWIFT_VERSION = 5.0;
				TARGETED_DEVICE_FAMILY = "1,2";
			};
			name = Release;
		};
/* End XCBuildConfiguration section */

/* Begin XCConfigurationList section */
		31722AA724226BAE00919E99 /* Build configuration list for PBXNativeTarget "iPhoneOnlyExample" */ = {
			isa = XCConfigurationList;
			buildConfigurations = (
				31722AA524226BAE00919E99 /* Debug */,
				31722AA624226BAE00919E99 /* Release */,
			);
			defaultConfigurationIsVisible = 0;
			defaultConfigurationName = Release;
		};
		31C39B732227F4E200067873 /* Build configuration list for PBXProject "evomoExampleApp" */ = {
			isa = XCConfigurationList;
			buildConfigurations = (
				31C39B882227F4E400067873 /* Debug */,
				31C39B892227F4E400067873 /* Release */,
			);
			defaultConfigurationIsVisible = 0;
			defaultConfigurationName = Release;
		};
		31C39B8A2227F4E400067873 /* Build configuration list for PBXNativeTarget "evomoExampleApp" */ = {
			isa = XCConfigurationList;
			buildConfigurations = (
				31C39B8B2227F4E400067873 /* Debug */,
				31C39B8C2227F4E400067873 /* Release */,
			);
			defaultConfigurationIsVisible = 0;
			defaultConfigurationName = Release;
		};
		31F0688223F873990015448C /* Build configuration list for PBXNativeTarget "ClassificationOnlyExample" */ = {
			isa = XCConfigurationList;
			buildConfigurations = (
				31F0688023F873990015448C /* Debug */,
				31F0688123F873990015448C /* Release */,
			);
			defaultConfigurationIsVisible = 0;
			defaultConfigurationName = Release;
		};
/* End XCConfigurationList section */
	};
	rootObject = 31C39B702227F4E200067873 /* Project object */;
}
